
Microsoft Visual Studio Solution File, Format Version 12.00
# Visual Studio Version 17
VisualStudioVersion = 17.3.32825.248
MinimumVisualStudioVersion = 10.0.40219.1
Project("{FAE04EC0-301F-11D3-BF4B-00C04F79EFBC}") = "WindowsFormsApp3", "WindowsFormsApp3.csproj", "{BC97A1A6-85E9-4A9F-9F32-1B9DAF6E6789}"
EndProject
Global
	GlobalSection(SolutionConfigurationPlatforms) = preSolution
		Debug|Any CPU = Debug|Any CPU
		Release|Any CPU = Release|Any CPU
	EndGlobalSection
	GlobalSection(ProjectConfigurationPlatforms) = postSolution
		{BC97A1A6-85E9-4A9F-9F32-1B9DAF6E6789}.Debug|Any CPU.ActiveCfg = Debug|Any CPU
		{BC97A1A6-85E9-4A9F-9F32-1B9DAF6E6789}.Debug|Any CPU.Build.0 = Debug|Any CPU
		{BC97A1A6-85E9-4A9F-9F32-1B9DAF6E6789}.Release|Any CPU.ActiveCfg = Release|Any CPU
		{BC97A1A6-85E9-4A9F-9F32-1B9DAF6E6789}.Release|Any CPU.Build.0 = Release|Any CPU
	EndGlobalSection
	GlobalSection(SolutionProperties) = preSolution
		HideSolutionNode = FALSE
	EndGlobalSection
	GlobalSection(ExtensibilityGlobals) = postSolution
		SolutionGuid = {879D3EE1-75E0-4658-830A-9D14DC4FE5ED}
	EndGlobalSection
EndGlobal
